
Microsoft Visual Studio Solution File, Format Version 12.00
# Visual Studio Version 17
VisualStudioVersion = 17.5.002.0
MinimumVisualStudioVersion = 10.0.40219.1
Project("{9A19103F-16F7-4668-BE54-9A1E7A4F7556}") = "SemnaticKernalApp", "SemnaticKernalApp\SemnaticKernalApp.csproj", "{94D8B407-D9E7-4175-B2D6-23FD8964C952}"
EndProject
Global
	GlobalSection(SolutionConfigurationPlatforms) = preSolution
		Debug|Any CPU = Debug|Any CPU
		Release|Any CPU = Release|Any CPU
	EndGlobalSection
	GlobalSection(ProjectConfigurationPlatforms) = postSolution
		{94D8B407-D9E7-4175-B2D6-23FD8964C952}.Debug|Any CPU.ActiveCfg = Debug|Any CPU
		{94D8B407-D9E7-4175-B2D6-23FD8964C952}.Debug|Any CPU.Build.0 = Debug|Any CPU
		{94D8B407-D9E7-4175-B2D6-23FD8964C952}.Release|Any CPU.ActiveCfg = Release|Any CPU
		{94D8B407-D9E7-4175-B2D6-23FD8964C952}.Release|Any CPU.Build.0 = Release|Any CPU
	EndGlobalSection
	GlobalSection(SolutionProperties) = preSolution
		HideSolutionNode = FALSE
	EndGlobalSection
	GlobalSection(ExtensibilityGlobals) = postSolution
		SolutionGuid = {1AA7CEA9-9FE3-4F62-AF54-F86F81BAFEF4}
	EndGlobalSection
EndGlobal
